// !$*UTF8*$!
{
	archiveVersion = 1;
	classes = {
	};
	objectVersion = 46;
	objects = {

/* Begin PBXBuildFile section */
		3D2C728719719BF800551630 /* JJSObject.m in Sources */ = {isa = PBXBuildFile; fileRef = 3D2C728519719BF800551630 /* JJSObject.m */; };
		3D2C728819719BF800551630 /* readme.md in Resources */ = {isa = PBXBuildFile; fileRef = 3D2C728619719BF800551630 /* readme.md */; };
		3D2C728B19719C9100551630 /* Track.m in Sources */ = {isa = PBXBuildFile; fileRef = 3D2C728A19719C9100551630 /* Track.m */; };
		3D2C728D19719F3200551630 /* Track_Tests.m in Sources */ = {isa = PBXBuildFile; fileRef = 3D2C728C19719F3200551630 /* Track_Tests.m */; };
		3D2C72901971A0E800551630 /* JS__NotificationObserverContainer.m in Sources */ = {isa = PBXBuildFile; fileRef = 3D2C728F1971A0E800551630 /* JS__NotificationObserverContainer.m */; };
		3D2C72931971AAC000551630 /* TrackTableViewCell.m in Sources */ = {isa = PBXBuildFile; fileRef = 3D2C72921971AAC000551630 /* TrackTableViewCell.m */; };
		3D2C72961971AF5000551630 /* UIFont+TWSC.m in Sources */ = {isa = PBXBuildFile; fileRef = 3D2C72951971AF5000551630 /* UIFont+TWSC.m */; };
		3D2C72991971AFB600551630 /* UIColor+TWSC.m in Sources */ = {isa = PBXBuildFile; fileRef = 3D2C72981971AFB600551630 /* UIColor+TWSC.m */; };
		3D7F5571196D90D700CF4A4A /* TWSCApi.m in Sources */ = {isa = PBXBuildFile; fileRef = 3D7F5570196D90D700CF4A4A /* TWSCApi.m */; };
		3D91C483196CAF1200EDE2C3 /* StreamTableViewController.m in Sources */ = {isa = PBXBuildFile; fileRef = 3D91C482196CAF1200EDE2C3 /* StreamTableViewController.m */; };
		3DE6BF3E196C6C900005A513 /* Foundation.framework in Frameworks */ = {isa = PBXBuildFile; fileRef = 3DE6BF3D196C6C900005A513 /* Foundation.framework */; };
		3DE6BF40196C6C900005A513 /* CoreGraphics.framework in Frameworks */ = {isa = PBXBuildFile; fileRef = 3DE6BF3F196C6C900005A513 /* CoreGraphics.framework */; };
		3DE6BF42196C6C900005A513 /* UIKit.framework in Frameworks */ = {isa = PBXBuildFile; fileRef = 3DE6BF41196C6C900005A513 /* UIKit.framework */; };
		3DE6BF76196C78130005A513 /* InfoPlist.strings in Resources */ = {isa = PBXBuildFile; fileRef = 3DE6BF6D196C78130005A513 /* InfoPlist.strings */; };
		3DE6BF77196C78130005A513 /* Images.xcassets in Resources */ = {isa = PBXBuildFile; fileRef = 3DE6BF6F196C78130005A513 /* Images.xcassets */; };
		3DE6BF79196C78130005A513 /* AppDelegate.m in Sources */ = {isa = PBXBuildFile; fileRef = 3DE6BF73196C78130005A513 /* AppDelegate.m */; };
		3DE6BF7A196C78130005A513 /* main.m in Sources */ = {isa = PBXBuildFile; fileRef = 3DE6BF74196C78130005A513 /* main.m */; };
		3DE6BF80196C7A960005A513 /* WelcomeViewController.m in Sources */ = {isa = PBXBuildFile; fileRef = 3DE6BF7F196C7A960005A513 /* WelcomeViewController.m */; };
		3DE6BFDE196C7B890005A513 /* .gitignore in Resources */ = {isa = PBXBuildFile; fileRef = 3DE6BF83196C7B890005A513 /* .gitignore */; };
		3DE6BFDF196C7B890005A513 /* JSButton.m in Sources */ = {isa = PBXBuildFile; fileRef = 3DE6BF86196C7B890005A513 /* JSButton.m */; };
		3DE6BFE0196C7B890005A513 /* JSViewController+JSNavigationItems.m in Sources */ = {isa = PBXBuildFile; fileRef = 3DE6BF89196C7B890005A513 /* JSViewController+JSNavigationItems.m */; };
		3DE6BFE1196C7B890005A513 /* NSArray+JS.m in Sources */ = {isa = PBXBuildFile; fileRef = 3DE6BF8B196C7B890005A513 /* NSArray+JS.m */; };
		3DE6BFE2196C7B890005A513 /* NSAttributedString+JS.m in Sources */ = {isa = PBXBuildFile; fileRef = 3DE6BF8D196C7B890005A513 /* NSAttributedString+JS.m */; };
		3DE6BFE3196C7B890005A513 /* NSData+JS.m in Sources */ = {isa = PBXBuildFile; fileRef = 3DE6BF8F196C7B890005A513 /* NSData+JS.m */; };
		3DE6BFE4196C7B890005A513 /* NSDate+JS.m in Sources */ = {isa = PBXBuildFile; fileRef = 3DE6BF91196C7B890005A513 /* NSDate+JS.m */; };
		3DE6BFE5196C7B890005A513 /* NSDictionary+JS.m in Sources */ = {isa = PBXBuildFile; fileRef = 3DE6BF93196C7B890005A513 /* NSDictionary+JS.m */; };
		3DE6BFE6196C7B890005A513 /* NSObject+JS.m in Sources */ = {isa = PBXBuildFile; fileRef = 3DE6BF95196C7B890005A513 /* NSObject+JS.m */; };
		3DE6BFE7196C7B890005A513 /* NSOrderedSet+JS.m in Sources */ = {isa = PBXBuildFile; fileRef = 3DE6BF97196C7B890005A513 /* NSOrderedSet+JS.m */; };
		3DE6BFE8196C7B890005A513 /* NSSet+JS.m in Sources */ = {isa = PBXBuildFile; fileRef = 3DE6BF99196C7B890005A513 /* NSSet+JS.m */; };
		3DE6BFE9196C7B890005A513 /* NSString+JS.m in Sources */ = {isa = PBXBuildFile; fileRef = 3DE6BF9B196C7B890005A513 /* NSString+JS.m */; };
		3DE6BFEA196C7B890005A513 /* UIBarButtonItem+JSButton.m in Sources */ = {isa = PBXBuildFile; fileRef = 3DE6BF9D196C7B890005A513 /* UIBarButtonItem+JSButton.m */; };
		3DE6BFEB196C7B890005A513 /* UIColor+JS.m in Sources */ = {isa = PBXBuildFile; fileRef = 3DE6BF9F196C7B890005A513 /* UIColor+JS.m */; };
		3DE6BFEC196C7B890005A513 /* UIControl+JS.m in Sources */ = {isa = PBXBuildFile; fileRef = 3DE6BFA1196C7B890005A513 /* UIControl+JS.m */; };
		3DE6BFED196C7B890005A513 /* UIImage+ImageEffects.m in Sources */ = {isa = PBXBuildFile; fileRef = 3DE6BFA3196C7B890005A513 /* UIImage+ImageEffects.m */; };
		3DE6BFEE196C7B890005A513 /* UIImage+JS.m in Sources */ = {isa = PBXBuildFile; fileRef = 3DE6BFA5196C7B890005A513 /* UIImage+JS.m */; };
		3DE6BFEF196C7B890005A513 /* UILabel+JS.m in Sources */ = {isa = PBXBuildFile; fileRef = 3DE6BFA7196C7B890005A513 /* UILabel+JS.m */; };
		3DE6BFF0196C7B890005A513 /* UIScrollView+JS.m in Sources */ = {isa = PBXBuildFile; fileRef = 3DE6BFA9196C7B890005A513 /* UIScrollView+JS.m */; };
		3DE6BFF1196C7B890005A513 /* UISplitViewController+JS.m in Sources */ = {isa = PBXBuildFile; fileRef = 3DE6BFAB196C7B890005A513 /* UISplitViewController+JS.m */; };
		3DE6BFF2196C7B890005A513 /* UIView+JS.m in Sources */ = {isa = PBXBuildFile; fileRef = 3DE6BFAD196C7B890005A513 /* UIView+JS.m */; };
		3DE6BFF3196C7B890005A513 /* JSAttributedStringTableViewCell.m in Sources */ = {isa = PBXBuildFile; fileRef = 3DE6BFB0196C7B890005A513 /* JSAttributedStringTableViewCell.m */; };
		3DE6BFF4196C7B890005A513 /* JSMapViewTableViewCell.m in Sources */ = {isa = PBXBuildFile; fileRef = 3DE6BFB2196C7B890005A513 /* JSMapViewTableViewCell.m */; };
		3DE6BFF5196C7B890005A513 /* JSSpacingTableViewCell.m in Sources */ = {isa = PBXBuildFile; fileRef = 3DE6BFB4196C7B890005A513 /* JSSpacingTableViewCell.m */; };
		3DE6BFF6196C7B890005A513 /* JSStringTableViewCell.m in Sources */ = {isa = PBXBuildFile; fileRef = 3DE6BFB6196C7B890005A513 /* JSStringTableViewCell.m */; };
		3DE6BFF7196C7B890005A513 /* JSTableViewCell.m in Sources */ = {isa = PBXBuildFile; fileRef = 3DE6BFB8196C7B890005A513 /* JSTableViewCell.m */; };
		3DE6BFF8196C7B890005A513 /* JSTextFieldTableViewCell.m in Sources */ = {isa = PBXBuildFile; fileRef = 3DE6BFBA196C7B890005A513 /* JSTextFieldTableViewCell.m */; };
		3DE6BFF9196C7B890005A513 /* JSTextViewTableViewCell.m in Sources */ = {isa = PBXBuildFile; fileRef = 3DE6BFBC196C7B890005A513 /* JSTextViewTableViewCell.m */; };
		3DE6BFFB196C7B890005A513 /* JSTableViewRowModel.m in Sources */ = {isa = PBXBuildFile; fileRef = 3DE6BFC3196C7B890005A513 /* JSTableViewRowModel.m */; };
		3DE6BFFC196C7B890005A513 /* JSTableViewSectionModel.m in Sources */ = {isa = PBXBuildFile; fileRef = 3DE6BFC5196C7B890005A513 /* JSTableViewSectionModel.m */; };
		3DE6BFFD196C7B890005A513 /* README in Resources */ = {isa = PBXBuildFile; fileRef = 3DE6BFC6196C7B890005A513 /* README */; };
		3DE6BFFE196C7B890005A513 /* JSActionSheetController.m in Sources */ = {isa = PBXBuildFile; fileRef = 3DE6BFC9196C7B890005A513 /* JSActionSheetController.m */; };
		3DE6BFFF196C7B890005A513 /* JSAlertView.m in Sources */ = {isa = PBXBuildFile; fileRef = 3DE6BFCB196C7B890005A513 /* JSAlertView.m */; };
		3DE6C000196C7B890005A513 /* JSImageView.m in Sources */ = {isa = PBXBuildFile; fileRef = 3DE6BFCD196C7B890005A513 /* JSImageView.m */; };
		3DE6C001196C7B890005A513 /* JSInsetImageView.m in Sources */ = {isa = PBXBuildFile; fileRef = 3DE6BFCF196C7B890005A513 /* JSInsetImageView.m */; };
		3DE6C002196C7B890005A513 /* JSPageControl.m in Sources */ = {isa = PBXBuildFile; fileRef = 3DE6BFD1196C7B890005A513 /* JSPageControl.m */; };
		3DE6C003196C7B890005A513 /* JSScrollView.m in Sources */ = {isa = PBXBuildFile; fileRef = 3DE6BFD3196C7B890005A513 /* JSScrollView.m */; };
		3DE6C004196C7B890005A513 /* JSSegmentedControl.m in Sources */ = {isa = PBXBuildFile; fileRef = 3DE6BFD5196C7B890005A513 /* JSSegmentedControl.m */; };
		3DE6C005196C7B890005A513 /* JSTableViewController.m in Sources */ = {isa = PBXBuildFile; fileRef = 3DE6BFD7196C7B890005A513 /* JSTableViewController.m */; };
		3DE6C006196C7B890005A513 /* JSTextField.m in Sources */ = {isa = PBXBuildFile; fileRef = 3DE6BFD9196C7B890005A513 /* JSTextField.m */; };
		3DE6C007196C7B890005A513 /* JSTextView.m in Sources */ = {isa = PBXBuildFile; fileRef = 3DE6BFDB196C7B890005A513 /* JSTextView.m */; };
		3DE6C008196C7B890005A513 /* JSViewController.m in Sources */ = {isa = PBXBuildFile; fileRef = 3DE6BFDD196C7B890005A513 /* JSViewController.m */; };
		3DE6C00F196C84390005A513 /* XCTest.framework in Frameworks */ = {isa = PBXBuildFile; fileRef = 3DE6BF56196C6C900005A513 /* XCTest.framework */; };
		3DE6C010196C84390005A513 /* Foundation.framework in Frameworks */ = {isa = PBXBuildFile; fileRef = 3DE6BF3D196C6C900005A513 /* Foundation.framework */; };
		3DE6C011196C84390005A513 /* UIKit.framework in Frameworks */ = {isa = PBXBuildFile; fileRef = 3DE6BF41196C6C900005A513 /* UIKit.framework */; };
		3DE6C017196C84390005A513 /* InfoPlist.strings in Resources */ = {isa = PBXBuildFile; fileRef = 3DE6C015196C84390005A513 /* InfoPlist.strings */; };
		3DE6C021196C846F0005A513 /* AuthTokenParser_Tests.m in Sources */ = {isa = PBXBuildFile; fileRef = 3DE6C020196C846F0005A513 /* AuthTokenParser_Tests.m */; };
		3DE6C024196C84B60005A513 /* AuthTokenParser.m in Sources */ = {isa = PBXBuildFile; fileRef = 3DE6C023196C84B60005A513 /* AuthTokenParser.m */; };
		3DE6C25D196CA3980005A513 /* KeychainManager.m in Sources */ = {isa = PBXBuildFile; fileRef = 3DE6C25C196CA3980005A513 /* KeychainManager.m */; };
		3DE6C25F196CA50F0005A513 /* Keychain_Tests.m in Sources */ = {isa = PBXBuildFile; fileRef = 3DE6C25E196CA50F0005A513 /* Keychain_Tests.m */; };
		3DE6C262196CA6C40005A513 /* KeychainManager+TW.m in Sources */ = {isa = PBXBuildFile; fileRef = 3DE6C261196CA6C40005A513 /* KeychainManager+TW.m */; };
/* End PBXBuildFile section */

/* Begin PBXContainerItemProxy section */
		3DE6C01B196C84390005A513 /* PBXContainerItemProxy */ = {
			isa = PBXContainerItemProxy;
			containerPortal = 3DE6BF32196C6C900005A513 /* Project object */;
			proxyType = 1;
			remoteGlobalIDString = 3DE6BF39196C6C900005A513;
			remoteInfo = tonwolke;
		};
/* End PBXContainerItemProxy section */

/* Begin PBXFileReference section */
		3D2C728419719BF800551630 /* JJSObject.h */ = {isa = PBXFileReference; fileEncoding = 4; lastKnownFileType = sourcecode.c.h; path = JJSObject.h; sourceTree = "<group>"; };
		3D2C728519719BF800551630 /* JJSObject.m */ = {isa = PBXFileReference; fileEncoding = 4; lastKnownFileType = sourcecode.c.objc; path = JJSObject.m; sourceTree = "<group>"; };
		3D2C728619719BF800551630 /* readme.md */ = {isa = PBXFileReference; fileEncoding = 4; lastKnownFileType = text; path = readme.md; sourceTree = "<group>"; };
		3D2C728919719C9100551630 /* Track.h */ = {isa = PBXFileReference; fileEncoding = 4; lastKnownFileType = sourcecode.c.h; path = Track.h; sourceTree = "<group>"; };
		3D2C728A19719C9100551630 /* Track.m */ = {isa = PBXFileReference; fileEncoding = 4; lastKnownFileType = sourcecode.c.objc; path = Track.m; sourceTree = "<group>"; };
		3D2C728C19719F3200551630 /* Track_Tests.m */ = {isa = PBXFileReference; fileEncoding = 4; lastKnownFileType = sourcecode.c.objc; path = Track_Tests.m; sourceTree = "<group>"; };
		3D2C728E1971A0E800551630 /* JS__NotificationObserverContainer.h */ = {isa = PBXFileReference; fileEncoding = 4; lastKnownFileType = sourcecode.c.h; path = JS__NotificationObserverContainer.h; sourceTree = "<group>"; };
		3D2C728F1971A0E800551630 /* JS__NotificationObserverContainer.m */ = {isa = PBXFileReference; fileEncoding = 4; lastKnownFileType = sourcecode.c.objc; path = JS__NotificationObserverContainer.m; sourceTree = "<group>"; };
		3D2C72911971AAC000551630 /* TrackTableViewCell.h */ = {isa = PBXFileReference; fileEncoding = 4; lastKnownFileType = sourcecode.c.h; path = TrackTableViewCell.h; sourceTree = "<group>"; };
		3D2C72921971AAC000551630 /* TrackTableViewCell.m */ = {isa = PBXFileReference; fileEncoding = 4; lastKnownFileType = sourcecode.c.objc; path = TrackTableViewCell.m; sourceTree = "<group>"; };
		3D2C72941971AF5000551630 /* UIFont+TWSC.h */ = {isa = PBXFileReference; fileEncoding = 4; lastKnownFileType = sourcecode.c.h; path = "UIFont+TWSC.h"; sourceTree = "<group>"; };
		3D2C72951971AF5000551630 /* UIFont+TWSC.m */ = {isa = PBXFileReference; fileEncoding = 4; lastKnownFileType = sourcecode.c.objc; path = "UIFont+TWSC.m"; sourceTree = "<group>"; };
		3D2C72971971AFB600551630 /* UIColor+TWSC.h */ = {isa = PBXFileReference; fileEncoding = 4; lastKnownFileType = sourcecode.c.h; path = "UIColor+TWSC.h"; sourceTree = "<group>"; };
		3D2C72981971AFB600551630 /* UIColor+TWSC.m */ = {isa = PBXFileReference; fileEncoding = 4; lastKnownFileType = sourcecode.c.objc; path = "UIColor+TWSC.m"; sourceTree = "<group>"; };
		3D7F556F196D90D700CF4A4A /* TWSCApi.h */ = {isa = PBXFileReference; fileEncoding = 4; lastKnownFileType = sourcecode.c.h; path = TWSCApi.h; sourceTree = "<group>"; };
		3D7F5570196D90D700CF4A4A /* TWSCApi.m */ = {isa = PBXFileReference; fileEncoding = 4; lastKnownFileType = sourcecode.c.objc; path = TWSCApi.m; sourceTree = "<group>"; };
		3D91C481196CAF1200EDE2C3 /* StreamTableViewController.h */ = {isa = PBXFileReference; fileEncoding = 4; lastKnownFileType = sourcecode.c.h; path = StreamTableViewController.h; sourceTree = "<group>"; };
		3D91C482196CAF1200EDE2C3 /* StreamTableViewController.m */ = {isa = PBXFileReference; fileEncoding = 4; lastKnownFileType = sourcecode.c.objc; path = StreamTableViewController.m; sourceTree = "<group>"; };
		3DE6BF3A196C6C900005A513 /* tonwolke.app */ = {isa = PBXFileReference; explicitFileType = wrapper.application; includeInIndex = 0; path = tonwolke.app; sourceTree = BUILT_PRODUCTS_DIR; };
		3DE6BF3D196C6C900005A513 /* Foundation.framework */ = {isa = PBXFileReference; lastKnownFileType = wrapper.framework; name = Foundation.framework; path = System/Library/Frameworks/Foundation.framework; sourceTree = SDKROOT; };
		3DE6BF3F196C6C900005A513 /* CoreGraphics.framework */ = {isa = PBXFileReference; lastKnownFileType = wrapper.framework; name = CoreGraphics.framework; path = System/Library/Frameworks/CoreGraphics.framework; sourceTree = SDKROOT; };
		3DE6BF41196C6C900005A513 /* UIKit.framework */ = {isa = PBXFileReference; lastKnownFileType = wrapper.framework; name = UIKit.framework; path = System/Library/Frameworks/UIKit.framework; sourceTree = SDKROOT; };
		3DE6BF56196C6C900005A513 /* XCTest.framework */ = {isa = PBXFileReference; lastKnownFileType = wrapper.framework; name = XCTest.framework; path = Library/Frameworks/XCTest.framework; sourceTree = DEVELOPER_DIR; };
		3DE6BF6E196C78130005A513 /* en */ = {isa = PBXFileReference; lastKnownFileType = text.plist.strings; name = en; path = en.lproj/InfoPlist.strings; sourceTree = "<group>"; };
		3DE6BF6F196C78130005A513 /* Images.xcassets */ = {isa = PBXFileReference; lastKnownFileType = folder.assetcatalog; path = Images.xcassets; sourceTree = "<group>"; };
		3DE6BF70196C78130005A513 /* tonwolke-Info.plist */ = {isa = PBXFileReference; fileEncoding = 4; lastKnownFileType = text.plist.xml; path = "tonwolke-Info.plist"; sourceTree = "<group>"; };
		3DE6BF72196C78130005A513 /* AppDelegate.h */ = {isa = PBXFileReference; fileEncoding = 4; lastKnownFileType = sourcecode.c.h; path = AppDelegate.h; sourceTree = "<group>"; };
		3DE6BF73196C78130005A513 /* AppDelegate.m */ = {isa = PBXFileReference; fileEncoding = 4; lastKnownFileType = sourcecode.c.objc; path = AppDelegate.m; sourceTree = "<group>"; };
		3DE6BF74196C78130005A513 /* main.m */ = {isa = PBXFileReference; fileEncoding = 4; lastKnownFileType = sourcecode.c.objc; path = main.m; sourceTree = "<group>"; };
		3DE6BF75196C78130005A513 /* tonwolke-Prefix.pch */ = {isa = PBXFileReference; fileEncoding = 4; lastKnownFileType = sourcecode.c.h; path = "tonwolke-Prefix.pch"; sourceTree = "<group>"; };
		3DE6BF7E196C7A960005A513 /* WelcomeViewController.h */ = {isa = PBXFileReference; fileEncoding = 4; lastKnownFileType = sourcecode.c.h; path = WelcomeViewController.h; sourceTree = "<group>"; };
		3DE6BF7F196C7A960005A513 /* WelcomeViewController.m */ = {isa = PBXFileReference; fileEncoding = 4; lastKnownFileType = sourcecode.c.objc; path = WelcomeViewController.m; sourceTree = "<group>"; };
		3DE6BF83196C7B890005A513 /* .gitignore */ = {isa = PBXFileReference; fileEncoding = 4; lastKnownFileType = text; path = .gitignore; sourceTree = "<group>"; };
		3DE6BF85196C7B890005A513 /* JSButton.h */ = {isa = PBXFileReference; fileEncoding = 4; lastKnownFileType = sourcecode.c.h; path = JSButton.h; sourceTree = "<group>"; };
		3DE6BF86196C7B890005A513 /* JSButton.m */ = {isa = PBXFileReference; fileEncoding = 4; lastKnownFileType = sourcecode.c.objc; path = JSButton.m; sourceTree = "<group>"; };
		3DE6BF88196C7B890005A513 /* JSViewController+JSNavigationItems.h */ = {isa = PBXFileReference; fileEncoding = 4; lastKnownFileType = sourcecode.c.h; path = "JSViewController+JSNavigationItems.h"; sourceTree = "<group>"; };
		3DE6BF89196C7B890005A513 /* JSViewController+JSNavigationItems.m */ = {isa = PBXFileReference; fileEncoding = 4; lastKnownFileType = sourcecode.c.objc; path = "JSViewController+JSNavigationItems.m"; sourceTree = "<group>"; };
		3DE6BF8A196C7B890005A513 /* NSArray+JS.h */ = {isa = PBXFileReference; fileEncoding = 4; lastKnownFileType = sourcecode.c.h; path = "NSArray+JS.h"; sourceTree = "<group>"; };
		3DE6BF8B196C7B890005A513 /* NSArray+JS.m */ = {isa = PBXFileReference; fileEncoding = 4; lastKnownFileType = sourcecode.c.objc; path = "NSArray+JS.m"; sourceTree = "<group>"; };
		3DE6BF8C196C7B890005A513 /* NSAttributedString+JS.h */ = {isa = PBXFileReference; fileEncoding = 4; lastKnownFileType = sourcecode.c.h; path = "NSAttributedString+JS.h"; sourceTree = "<group>"; };
		3DE6BF8D196C7B890005A513 /* NSAttributedString+JS.m */ = {isa = PBXFileReference; fileEncoding = 4; lastKnownFileType = sourcecode.c.objc; path = "NSAttributedString+JS.m"; sourceTree = "<group>"; };
		3DE6BF8E196C7B890005A513 /* NSData+JS.h */ = {isa = PBXFileReference; fileEncoding = 4; lastKnownFileType = sourcecode.c.h; path = "NSData+JS.h"; sourceTree = "<group>"; };
		3DE6BF8F196C7B890005A513 /* NSData+JS.m */ = {isa = PBXFileReference; fileEncoding = 4; lastKnownFileType = sourcecode.c.objc; path = "NSData+JS.m"; sourceTree = "<group>"; };
		3DE6BF90196C7B890005A513 /* NSDate+JS.h */ = {isa = PBXFileReference; fileEncoding = 4; lastKnownFileType = sourcecode.c.h; path = "NSDate+JS.h"; sourceTree = "<group>"; };
		3DE6BF91196C7B890005A513 /* NSDate+JS.m */ = {isa = PBXFileReference; fileEncoding = 4; lastKnownFileType = sourcecode.c.objc; path = "NSDate+JS.m"; sourceTree = "<group>"; };
		3DE6BF92196C7B890005A513 /* NSDictionary+JS.h */ = {isa = PBXFileReference; fileEncoding = 4; lastKnownFileType = sourcecode.c.h; path = "NSDictionary+JS.h"; sourceTree = "<group>"; };
		3DE6BF93196C7B890005A513 /* NSDictionary+JS.m */ = {isa = PBXFileReference; fileEncoding = 4; lastKnownFileType = sourcecode.c.objc; path = "NSDictionary+JS.m"; sourceTree = "<group>"; };
		3DE6BF94196C7B890005A513 /* NSObject+JS.h */ = {isa = PBXFileReference; fileEncoding = 4; lastKnownFileType = sourcecode.c.h; path = "NSObject+JS.h"; sourceTree = "<group>"; };
		3DE6BF95196C7B890005A513 /* NSObject+JS.m */ = {isa = PBXFileReference; fileEncoding = 4; lastKnownFileType = sourcecode.c.objc; path = "NSObject+JS.m"; sourceTree = "<group>"; };
		3DE6BF96196C7B890005A513 /* NSOrderedSet+JS.h */ = {isa = PBXFileReference; fileEncoding = 4; lastKnownFileType = sourcecode.c.h; path = "NSOrderedSet+JS.h"; sourceTree = "<group>"; };
		3DE6BF97196C7B890005A513 /* NSOrderedSet+JS.m */ = {isa = PBXFileReference; fileEncoding = 4; lastKnownFileType = sourcecode.c.objc; path = "NSOrderedSet+JS.m"; sourceTree = "<group>"; };
		3DE6BF98196C7B890005A513 /* NSSet+JS.h */ = {isa = PBXFileReference; fileEncoding = 4; lastKnownFileType = sourcecode.c.h; path = "NSSet+JS.h"; sourceTree = "<group>"; };
		3DE6BF99196C7B890005A513 /* NSSet+JS.m */ = {isa = PBXFileReference; fileEncoding = 4; lastKnownFileType = sourcecode.c.objc; path = "NSSet+JS.m"; sourceTree = "<group>"; };
		3DE6BF9A196C7B890005A513 /* NSString+JS.h */ = {isa = PBXFileReference; fileEncoding = 4; lastKnownFileType = sourcecode.c.h; path = "NSString+JS.h"; sourceTree = "<group>"; };
		3DE6BF9B196C7B890005A513 /* NSString+JS.m */ = {isa = PBXFileReference; fileEncoding = 4; lastKnownFileType = sourcecode.c.objc; path = "NSString+JS.m"; sourceTree = "<group>"; };
		3DE6BF9C196C7B890005A513 /* UIBarButtonItem+JSButton.h */ = {isa = PBXFileReference; fileEncoding = 4; lastKnownFileType = sourcecode.c.h; path = "UIBarButtonItem+JSButton.h"; sourceTree = "<group>"; };
		3DE6BF9D196C7B890005A513 /* UIBarButtonItem+JSButton.m */ = {isa = PBXFileReference; fileEncoding = 4; lastKnownFileType = sourcecode.c.objc; path = "UIBarButtonItem+JSButton.m"; sourceTree = "<group>"; };
		3DE6BF9E196C7B890005A513 /* UIColor+JS.h */ = {isa = PBXFileReference; fileEncoding = 4; lastKnownFileType = sourcecode.c.h; path = "UIColor+JS.h"; sourceTree = "<group>"; };
		3DE6BF9F196C7B890005A513 /* UIColor+JS.m */ = {isa = PBXFileReference; fileEncoding = 4; lastKnownFileType = sourcecode.c.objc; path = "UIColor+JS.m"; sourceTree = "<group>"; };
		3DE6BFA0196C7B890005A513 /* UIControl+JS.h */ = {isa = PBXFileReference; fileEncoding = 4; lastKnownFileType = sourcecode.c.h; path = "UIControl+JS.h"; sourceTree = "<group>"; };
		3DE6BFA1196C7B890005A513 /* UIControl+JS.m */ = {isa = PBXFileReference; fileEncoding = 4; lastKnownFileType = sourcecode.c.objc; path = "UIControl+JS.m"; sourceTree = "<group>"; };
		3DE6BFA2196C7B890005A513 /* UIImage+ImageEffects.h */ = {isa = PBXFileReference; fileEncoding = 4; lastKnownFileType = sourcecode.c.h; path = "UIImage+ImageEffects.h"; sourceTree = "<group>"; };
		3DE6BFA3196C7B890005A513 /* UIImage+ImageEffects.m */ = {isa = PBXFileReference; fileEncoding = 4; lastKnownFileType = sourcecode.c.objc; path = "UIImage+ImageEffects.m"; sourceTree = "<group>"; };
		3DE6BFA4196C7B890005A513 /* UIImage+JS.h */ = {isa = PBXFileReference; fileEncoding = 4; lastKnownFileType = sourcecode.c.h; path = "UIImage+JS.h"; sourceTree = "<group>"; };
		3DE6BFA5196C7B890005A513 /* UIImage+JS.m */ = {isa = PBXFileReference; fileEncoding = 4; lastKnownFileType = sourcecode.c.objc; path = "UIImage+JS.m"; sourceTree = "<group>"; };
		3DE6BFA6196C7B890005A513 /* UILabel+JS.h */ = {isa = PBXFileReference; fileEncoding = 4; lastKnownFileType = sourcecode.c.h; path = "UILabel+JS.h"; sourceTree = "<group>"; };
		3DE6BFA7196C7B890005A513 /* UILabel+JS.m */ = {isa = PBXFileReference; fileEncoding = 4; lastKnownFileType = sourcecode.c.objc; path = "UILabel+JS.m"; sourceTree = "<group>"; };
		3DE6BFA8196C7B890005A513 /* UIScrollView+JS.h */ = {isa = PBXFileReference; fileEncoding = 4; lastKnownFileType = sourcecode.c.h; path = "UIScrollView+JS.h"; sourceTree = "<group>"; };
		3DE6BFA9196C7B890005A513 /* UIScrollView+JS.m */ = {isa = PBXFileReference; fileEncoding = 4; lastKnownFileType = sourcecode.c.objc; path = "UIScrollView+JS.m"; sourceTree = "<group>"; };
		3DE6BFAA196C7B890005A513 /* UISplitViewController+JS.h */ = {isa = PBXFileReference; fileEncoding = 4; lastKnownFileType = sourcecode.c.h; path = "UISplitViewController+JS.h"; sourceTree = "<group>"; };
		3DE6BFAB196C7B890005A513 /* UISplitViewController+JS.m */ = {isa = PBXFileReference; fileEncoding = 4; lastKnownFileType = sourcecode.c.objc; path = "UISplitViewController+JS.m"; sourceTree = "<group>"; };
		3DE6BFAC196C7B890005A513 /* UIView+JS.h */ = {isa = PBXFileReference; fileEncoding = 4; lastKnownFileType = sourcecode.c.h; path = "UIView+JS.h"; sourceTree = "<group>"; };
		3DE6BFAD196C7B890005A513 /* UIView+JS.m */ = {isa = PBXFileReference; fileEncoding = 4; lastKnownFileType = sourcecode.c.objc; path = "UIView+JS.m"; sourceTree = "<group>"; };
		3DE6BFAF196C7B890005A513 /* JSAttributedStringTableViewCell.h */ = {isa = PBXFileReference; fileEncoding = 4; lastKnownFileType = sourcecode.c.h; path = JSAttributedStringTableViewCell.h; sourceTree = "<group>"; };
		3DE6BFB0196C7B890005A513 /* JSAttributedStringTableViewCell.m */ = {isa = PBXFileReference; fileEncoding = 4; lastKnownFileType = sourcecode.c.objc; path = JSAttributedStringTableViewCell.m; sourceTree = "<group>"; };
		3DE6BFB1196C7B890005A513 /* JSMapViewTableViewCell.h */ = {isa = PBXFileReference; fileEncoding = 4; lastKnownFileType = sourcecode.c.h; path = JSMapViewTableViewCell.h; sourceTree = "<group>"; };
		3DE6BFB2196C7B890005A513 /* JSMapViewTableViewCell.m */ = {isa = PBXFileReference; fileEncoding = 4; lastKnownFileType = sourcecode.c.objc; path = JSMapViewTableViewCell.m; sourceTree = "<group>"; };
		3DE6BFB3196C7B890005A513 /* JSSpacingTableViewCell.h */ = {isa = PBXFileReference; fileEncoding = 4; lastKnownFileType = sourcecode.c.h; path = JSSpacingTableViewCell.h; sourceTree = "<group>"; };
		3DE6BFB4196C7B890005A513 /* JSSpacingTableViewCell.m */ = {isa = PBXFileReference; fileEncoding = 4; lastKnownFileType = sourcecode.c.objc; path = JSSpacingTableViewCell.m; sourceTree = "<group>"; };
		3DE6BFB5196C7B890005A513 /* JSStringTableViewCell.h */ = {isa = PBXFileReference; fileEncoding = 4; lastKnownFileType = sourcecode.c.h; path = JSStringTableViewCell.h; sourceTree = "<group>"; };
		3DE6BFB6196C7B890005A513 /* JSStringTableViewCell.m */ = {isa = PBXFileReference; fileEncoding = 4; lastKnownFileType = sourcecode.c.objc; path = JSStringTableViewCell.m; sourceTree = "<group>"; };
		3DE6BFB7196C7B890005A513 /* JSTableViewCell.h */ = {isa = PBXFileReference; fileEncoding = 4; lastKnownFileType = sourcecode.c.h; path = JSTableViewCell.h; sourceTree = "<group>"; };
		3DE6BFB8196C7B890005A513 /* JSTableViewCell.m */ = {isa = PBXFileReference; fileEncoding = 4; lastKnownFileType = sourcecode.c.objc; path = JSTableViewCell.m; sourceTree = "<group>"; };
		3DE6BFB9196C7B890005A513 /* JSTextFieldTableViewCell.h */ = {isa = PBXFileReference; fileEncoding = 4; lastKnownFileType = sourcecode.c.h; path = JSTextFieldTableViewCell.h; sourceTree = "<group>"; };
		3DE6BFBA196C7B890005A513 /* JSTextFieldTableViewCell.m */ = {isa = PBXFileReference; fileEncoding = 4; lastKnownFileType = sourcecode.c.objc; path = JSTextFieldTableViewCell.m; sourceTree = "<group>"; };
		3DE6BFBB196C7B890005A513 /* JSTextViewTableViewCell.h */ = {isa = PBXFileReference; fileEncoding = 4; lastKnownFileType = sourcecode.c.h; path = JSTextViewTableViewCell.h; sourceTree = "<group>"; };
		3DE6BFBC196C7B890005A513 /* JSTextViewTableViewCell.m */ = {isa = PBXFileReference; fileEncoding = 4; lastKnownFileType = sourcecode.c.objc; path = JSTextViewTableViewCell.m; sourceTree = "<group>"; };
		3DE6BFBD196C7B890005A513 /* JSBase.h */ = {isa = PBXFileReference; fileEncoding = 4; lastKnownFileType = sourcecode.c.h; path = JSBase.h; sourceTree = "<group>"; };
		3DE6BFBE196C7B890005A513 /* JSMacros.h */ = {isa = PBXFileReference; fileEncoding = 4; lastKnownFileType = sourcecode.c.h; path = JSMacros.h; sourceTree = "<group>"; };
		3DE6BFC2196C7B890005A513 /* JSTableViewRowModel.h */ = {isa = PBXFileReference; fileEncoding = 4; lastKnownFileType = sourcecode.c.h; path = JSTableViewRowModel.h; sourceTree = "<group>"; };
		3DE6BFC3196C7B890005A513 /* JSTableViewRowModel.m */ = {isa = PBXFileReference; fileEncoding = 4; lastKnownFileType = sourcecode.c.objc; path = JSTableViewRowModel.m; sourceTree = "<group>"; };
		3DE6BFC4196C7B890005A513 /* JSTableViewSectionModel.h */ = {isa = PBXFileReference; fileEncoding = 4; lastKnownFileType = sourcecode.c.h; path = JSTableViewSectionModel.h; sourceTree = "<group>"; };
		3DE6BFC5196C7B890005A513 /* JSTableViewSectionModel.m */ = {isa = PBXFileReference; fileEncoding = 4; lastKnownFileType = sourcecode.c.objc; path = JSTableViewSectionModel.m; sourceTree = "<group>"; };
		3DE6BFC6196C7B890005A513 /* README */ = {isa = PBXFileReference; fileEncoding = 4; lastKnownFileType = text; path = README; sourceTree = "<group>"; };
		3DE6BFC8196C7B890005A513 /* JSActionSheetController.h */ = {isa = PBXFileReference; fileEncoding = 4; lastKnownFileType = sourcecode.c.h; path = JSActionSheetController.h; sourceTree = "<group>"; };
		3DE6BFC9196C7B890005A513 /* JSActionSheetController.m */ = {isa = PBXFileReference; fileEncoding = 4; lastKnownFileType = sourcecode.c.objc; path = JSActionSheetController.m; sourceTree = "<group>"; };
		3DE6BFCA196C7B890005A513 /* JSAlertView.h */ = {isa = PBXFileReference; fileEncoding = 4; lastKnownFileType = sourcecode.c.h; path = JSAlertView.h; sourceTree = "<group>"; };
		3DE6BFCB196C7B890005A513 /* JSAlertView.m */ = {isa = PBXFileReference; fileEncoding = 4; lastKnownFileType = sourcecode.c.objc; path = JSAlertView.m; sourceTree = "<group>"; };
		3DE6BFCC196C7B890005A513 /* JSImageView.h */ = {isa = PBXFileReference; fileEncoding = 4; lastKnownFileType = sourcecode.c.h; path = JSImageView.h; sourceTree = "<group>"; };
		3DE6BFCD196C7B890005A513 /* JSImageView.m */ = {isa = PBXFileReference; fileEncoding = 4; lastKnownFileType = sourcecode.c.objc; path = JSImageView.m; sourceTree = "<group>"; };
		3DE6BFCE196C7B890005A513 /* JSInsetImageView.h */ = {isa = PBXFileReference; fileEncoding = 4; lastKnownFileType = sourcecode.c.h; path = JSInsetImageView.h; sourceTree = "<group>"; };
		3DE6BFCF196C7B890005A513 /* JSInsetImageView.m */ = {isa = PBXFileReference; fileEncoding = 4; lastKnownFileType = sourcecode.c.objc; path = JSInsetImageView.m; sourceTree = "<group>"; };
		3DE6BFD0196C7B890005A513 /* JSPageControl.h */ = {isa = PBXFileReference; fileEncoding = 4; lastKnownFileType = sourcecode.c.h; path = JSPageControl.h; sourceTree = "<group>"; };
		3DE6BFD1196C7B890005A513 /* JSPageControl.m */ = {isa = PBXFileReference; fileEncoding = 4; lastKnownFileType = sourcecode.c.objc; path = JSPageControl.m; sourceTree = "<group>"; };
		3DE6BFD2196C7B890005A513 /* JSScrollView.h */ = {isa = PBXFileReference; fileEncoding = 4; lastKnownFileType = sourcecode.c.h; path = JSScrollView.h; sourceTree = "<group>"; };
		3DE6BFD3196C7B890005A513 /* JSScrollView.m */ = {isa = PBXFileReference; fileEncoding = 4; lastKnownFileType = sourcecode.c.objc; path = JSScrollView.m; sourceTree = "<group>"; };
		3DE6BFD4196C7B890005A513 /* JSSegmentedControl.h */ = {isa = PBXFileReference; fileEncoding = 4; lastKnownFileType = sourcecode.c.h; path = JSSegmentedControl.h; sourceTree = "<group>"; };
		3DE6BFD5196C7B890005A513 /* JSSegmentedControl.m */ = {isa = PBXFileReference; fileEncoding = 4; lastKnownFileType = sourcecode.c.objc; path = JSSegmentedControl.m; sourceTree = "<group>"; };
		3DE6BFD6196C7B890005A513 /* JSTableViewController.h */ = {isa = PBXFileReference; fileEncoding = 4; lastKnownFileType = sourcecode.c.h; path = JSTableViewController.h; sourceTree = "<group>"; };
		3DE6BFD7196C7B890005A513 /* JSTableViewController.m */ = {isa = PBXFileReference; fileEncoding = 4; lastKnownFileType = sourcecode.c.objc; path = JSTableViewController.m; sourceTree = "<group>"; };
		3DE6BFD8196C7B890005A513 /* JSTextField.h */ = {isa = PBXFileReference; fileEncoding = 4; lastKnownFileType = sourcecode.c.h; path = JSTextField.h; sourceTree = "<group>"; };
		3DE6BFD9196C7B890005A513 /* JSTextField.m */ = {isa = PBXFileReference; fileEncoding = 4; lastKnownFileType = sourcecode.c.objc; path = JSTextField.m; sourceTree = "<group>"; };
		3DE6BFDA196C7B890005A513 /* JSTextView.h */ = {isa = PBXFileReference; fileEncoding = 4; lastKnownFileType = sourcecode.c.h; path = JSTextView.h; sourceTree = "<group>"; };
		3DE6BFDB196C7B890005A513 /* JSTextView.m */ = {isa = PBXFileReference; fileEncoding = 4; lastKnownFileType = sourcecode.c.objc; path = JSTextView.m; sourceTree = "<group>"; };
		3DE6BFDC196C7B890005A513 /* JSViewController.h */ = {isa = PBXFileReference; fileEncoding = 4; lastKnownFileType = sourcecode.c.h; path = JSViewController.h; sourceTree = "<group>"; };
		3DE6BFDD196C7B890005A513 /* JSViewController.m */ = {isa = PBXFileReference; fileEncoding = 4; lastKnownFileType = sourcecode.c.objc; path = JSViewController.m; sourceTree = "<group>"; };
		3DE6C009196C7C6D0005A513 /* TWConstants.h */ = {isa = PBXFileReference; lastKnownFileType = sourcecode.c.h; path = TWConstants.h; sourceTree = "<group>"; };
		3DE6C00E196C84390005A513 /* tonwolke Tests.xctest */ = {isa = PBXFileReference; explicitFileType = wrapper.cfbundle; includeInIndex = 0; path = "tonwolke Tests.xctest"; sourceTree = BUILT_PRODUCTS_DIR; };
		3DE6C014196C84390005A513 /* tonwolke Tests-Info.plist */ = {isa = PBXFileReference; lastKnownFileType = text.plist.xml; path = "tonwolke Tests-Info.plist"; sourceTree = "<group>"; };
		3DE6C016196C84390005A513 /* en */ = {isa = PBXFileReference; lastKnownFileType = text.plist.strings; name = en; path = en.lproj/InfoPlist.strings; sourceTree = "<group>"; };
		3DE6C01A196C84390005A513 /* tonwolke Tests-Prefix.pch */ = {isa = PBXFileReference; lastKnownFileType = sourcecode.c.h; path = "tonwolke Tests-Prefix.pch"; sourceTree = "<group>"; };
		3DE6C020196C846F0005A513 /* AuthTokenParser_Tests.m */ = {isa = PBXFileReference; fileEncoding = 4; lastKnownFileType = sourcecode.c.objc; path = AuthTokenParser_Tests.m; sourceTree = "<group>"; };
		3DE6C022196C84B60005A513 /* AuthTokenParser.h */ = {isa = PBXFileReference; fileEncoding = 4; lastKnownFileType = sourcecode.c.h; path = AuthTokenParser.h; sourceTree = "<group>"; };
		3DE6C023196C84B60005A513 /* AuthTokenParser.m */ = {isa = PBXFileReference; fileEncoding = 4; lastKnownFileType = sourcecode.c.objc; path = AuthTokenParser.m; sourceTree = "<group>"; };
		3DE6C25B196CA3980005A513 /* KeychainManager.h */ = {isa = PBXFileReference; fileEncoding = 4; lastKnownFileType = sourcecode.c.h; path = KeychainManager.h; sourceTree = "<group>"; };
		3DE6C25C196CA3980005A513 /* KeychainManager.m */ = {isa = PBXFileReference; fileEncoding = 4; lastKnownFileType = sourcecode.c.objc; path = KeychainManager.m; sourceTree = "<group>"; };
		3DE6C25E196CA50F0005A513 /* Keychain_Tests.m */ = {isa = PBXFileReference; fileEncoding = 4; lastKnownFileType = sourcecode.c.objc; path = Keychain_Tests.m; sourceTree = "<group>"; };
		3DE6C260196CA6C40005A513 /* KeychainManager+TW.h */ = {isa = PBXFileReference; fileEncoding = 4; lastKnownFileType = sourcecode.c.h; path = "KeychainManager+TW.h"; sourceTree = "<group>"; };
		3DE6C261196CA6C40005A513 /* KeychainManager+TW.m */ = {isa = PBXFileReference; fileEncoding = 4; lastKnownFileType = sourcecode.c.objc; path = "KeychainManager+TW.m"; sourceTree = "<group>"; };
/* End PBXFileReference section */

/* Begin PBXFrameworksBuildPhase section */
		3DE6BF37196C6C900005A513 /* Frameworks */ = {
			isa = PBXFrameworksBuildPhase;
			buildActionMask = 2147483647;
			files = (
				3DE6BF40196C6C900005A513 /* CoreGraphics.framework in Frameworks */,
				3DE6BF42196C6C900005A513 /* UIKit.framework in Frameworks */,
				3DE6BF3E196C6C900005A513 /* Foundation.framework in Frameworks */,
			);
			runOnlyForDeploymentPostprocessing = 0;
		};
		3DE6C00B196C84390005A513 /* Frameworks */ = {
			isa = PBXFrameworksBuildPhase;
			buildActionMask = 2147483647;
			files = (
				3DE6C00F196C84390005A513 /* XCTest.framework in Frameworks */,
				3DE6C011196C84390005A513 /* UIKit.framework in Frameworks */,
				3DE6C010196C84390005A513 /* Foundation.framework in Frameworks */,
			);
			runOnlyForDeploymentPostprocessing = 0;
		};
/* End PBXFrameworksBuildPhase section */

/* Begin PBXGroup section */
		3D2C728319719BF800551630 /* JJSObject */ = {
			isa = PBXGroup;
			children = (
				3D2C728419719BF800551630 /* JJSObject.h */,
				3D2C728519719BF800551630 /* JJSObject.m */,
				3D2C728619719BF800551630 /* readme.md */,
			);
			path = JJSObject;
			sourceTree = "<group>";
		};
		3DE6BF31196C6C900005A513 = {
			isa = PBXGroup;
			children = (
				3DE6BF43196C6C900005A513 /* tonwolke */,
				3DE6C012196C84390005A513 /* tonwolke Tests */,
				3DE6BF3C196C6C900005A513 /* Frameworks */,
				3DE6BF3B196C6C900005A513 /* Products */,
			);
			sourceTree = "<group>";
		};
		3DE6BF3B196C6C900005A513 /* Products */ = {
			isa = PBXGroup;
			children = (
				3DE6BF3A196C6C900005A513 /* tonwolke.app */,
				3DE6C00E196C84390005A513 /* tonwolke Tests.xctest */,
			);
			name = Products;
			sourceTree = "<group>";
		};
		3DE6BF3C196C6C900005A513 /* Frameworks */ = {
			isa = PBXGroup;
			children = (
				3DE6BF3D196C6C900005A513 /* Foundation.framework */,
				3DE6BF3F196C6C900005A513 /* CoreGraphics.framework */,
				3DE6BF41196C6C900005A513 /* UIKit.framework */,
				3DE6BF56196C6C900005A513 /* XCTest.framework */,
			);
			name = Frameworks;
			sourceTree = "<group>";
		};
		3DE6BF43196C6C900005A513 /* tonwolke */ = {
			isa = PBXGroup;
			children = (
				3DE6BF81196C7B890005A513 /* submodules */,
				3DE6BF6C196C78130005A513 /* resources */,
				3DE6BF71196C78130005A513 /* src */,
			);
			path = tonwolke;
			sourceTree = "<group>";
		};
		3DE6BF6C196C78130005A513 /* resources */ = {
			isa = PBXGroup;
			children = (
				3DE6BF6D196C78130005A513 /* InfoPlist.strings */,
				3DE6BF6F196C78130005A513 /* Images.xcassets */,
				3DE6BF70196C78130005A513 /* tonwolke-Info.plist */,
			);
			path = resources;
			sourceTree = "<group>";
		};
		3DE6BF71196C78130005A513 /* src */ = {
			isa = PBXGroup;
			children = (
				3DE6C25B196CA3980005A513 /* KeychainManager.h */,
				3DE6C25C196CA3980005A513 /* KeychainManager.m */,
				3DE6BF72196C78130005A513 /* AppDelegate.h */,
				3DE6BF73196C78130005A513 /* AppDelegate.m */,
				3DE6BF74196C78130005A513 /* main.m */,
				3DE6BF75196C78130005A513 /* tonwolke-Prefix.pch */,
				3DE6BF7E196C7A960005A513 /* WelcomeViewController.h */,
				3DE6BF7F196C7A960005A513 /* WelcomeViewController.m */,
				3DE6C009196C7C6D0005A513 /* TWConstants.h */,
				3DE6C022196C84B60005A513 /* AuthTokenParser.h */,
				3DE6C023196C84B60005A513 /* AuthTokenParser.m */,
				3DE6C260196CA6C40005A513 /* KeychainManager+TW.h */,
				3DE6C261196CA6C40005A513 /* KeychainManager+TW.m */,
				3D91C481196CAF1200EDE2C3 /* StreamTableViewController.h */,
				3D91C482196CAF1200EDE2C3 /* StreamTableViewController.m */,
				3D7F556F196D90D700CF4A4A /* TWSCApi.h */,
				3D7F5570196D90D700CF4A4A /* TWSCApi.m */,
				3D2C728919719C9100551630 /* Track.h */,
				3D2C728A19719C9100551630 /* Track.m */,
				3D2C72911971AAC000551630 /* TrackTableViewCell.h */,
				3D2C72921971AAC000551630 /* TrackTableViewCell.m */,
				3D2C72941971AF5000551630 /* UIFont+TWSC.h */,
				3D2C72951971AF5000551630 /* UIFont+TWSC.m */,
				3D2C72971971AFB600551630 /* UIColor+TWSC.h */,
				3D2C72981971AFB600551630 /* UIColor+TWSC.m */,
			);
			path = src;
			sourceTree = "<group>";
		};
		3DE6BF81196C7B890005A513 /* submodules */ = {
			isa = PBXGroup;
			children = (
				3D2C728319719BF800551630 /* JJSObject */,
				3DE6BF82196C7B890005A513 /* JS */,
			);
			path = submodules;
			sourceTree = "<group>";
		};
		3DE6BF82196C7B890005A513 /* JS */ = {
			isa = PBXGroup;
			children = (
				3DE6BF83196C7B890005A513 /* .gitignore */,
				3DE6BF84196C7B890005A513 /* button */,
				3DE6BF87196C7B890005A513 /* categories */,
				3DE6BFAE196C7B890005A513 /* cells */,
				3DE6BFBD196C7B890005A513 /* JSBase.h */,
				3DE6BFBE196C7B890005A513 /* JSMacros.h */,
				3DE6BFBF196C7B890005A513 /* misc */,
				3DE6BFC6196C7B890005A513 /* README */,
				3DE6BFC7196C7B890005A513 /* views */,
			);
			path = JS;
			sourceTree = "<group>";
		};
		3DE6BF84196C7B890005A513 /* button */ = {
			isa = PBXGroup;
			children = (
				3DE6BF85196C7B890005A513 /* JSButton.h */,
				3DE6BF86196C7B890005A513 /* JSButton.m */,
			);
			path = button;
			sourceTree = "<group>";
		};
		3DE6BF87196C7B890005A513 /* categories */ = {
			isa = PBXGroup;
			children = (
				3DE6BF88196C7B890005A513 /* JSViewController+JSNavigationItems.h */,
				3DE6BF89196C7B890005A513 /* JSViewController+JSNavigationItems.m */,
				3DE6BF8A196C7B890005A513 /* NSArray+JS.h */,
				3DE6BF8B196C7B890005A513 /* NSArray+JS.m */,
				3DE6BF8C196C7B890005A513 /* NSAttributedString+JS.h */,
				3DE6BF8D196C7B890005A513 /* NSAttributedString+JS.m */,
				3DE6BF8E196C7B890005A513 /* NSData+JS.h */,
				3DE6BF8F196C7B890005A513 /* NSData+JS.m */,
				3DE6BF90196C7B890005A513 /* NSDate+JS.h */,
				3DE6BF91196C7B890005A513 /* NSDate+JS.m */,
				3DE6BF92196C7B890005A513 /* NSDictionary+JS.h */,
				3DE6BF93196C7B890005A513 /* NSDictionary+JS.m */,
				3DE6BF94196C7B890005A513 /* NSObject+JS.h */,
				3DE6BF95196C7B890005A513 /* NSObject+JS.m */,
				3DE6BF96196C7B890005A513 /* NSOrderedSet+JS.h */,
				3DE6BF97196C7B890005A513 /* NSOrderedSet+JS.m */,
				3DE6BF98196C7B890005A513 /* NSSet+JS.h */,
				3DE6BF99196C7B890005A513 /* NSSet+JS.m */,
				3DE6BF9A196C7B890005A513 /* NSString+JS.h */,
				3DE6BF9B196C7B890005A513 /* NSString+JS.m */,
				3DE6BF9C196C7B890005A513 /* UIBarButtonItem+JSButton.h */,
				3DE6BF9D196C7B890005A513 /* UIBarButtonItem+JSButton.m */,
				3DE6BF9E196C7B890005A513 /* UIColor+JS.h */,
				3DE6BF9F196C7B890005A513 /* UIColor+JS.m */,
				3DE6BFA0196C7B890005A513 /* UIControl+JS.h */,
				3DE6BFA1196C7B890005A513 /* UIControl+JS.m */,
				3DE6BFA2196C7B890005A513 /* UIImage+ImageEffects.h */,
				3DE6BFA3196C7B890005A513 /* UIImage+ImageEffects.m */,
				3DE6BFA4196C7B890005A513 /* UIImage+JS.h */,
				3DE6BFA5196C7B890005A513 /* UIImage+JS.m */,
				3DE6BFA6196C7B890005A513 /* UILabel+JS.h */,
				3DE6BFA7196C7B890005A513 /* UILabel+JS.m */,
				3DE6BFA8196C7B890005A513 /* UIScrollView+JS.h */,
				3DE6BFA9196C7B890005A513 /* UIScrollView+JS.m */,
				3DE6BFAA196C7B890005A513 /* UISplitViewController+JS.h */,
				3DE6BFAB196C7B890005A513 /* UISplitViewController+JS.m */,
				3DE6BFAC196C7B890005A513 /* UIView+JS.h */,
				3DE6BFAD196C7B890005A513 /* UIView+JS.m */,
			);
			path = categories;
			sourceTree = "<group>";
		};
		3DE6BFAE196C7B890005A513 /* cells */ = {
			isa = PBXGroup;
			children = (
				3DE6BFAF196C7B890005A513 /* JSAttributedStringTableViewCell.h */,
				3DE6BFB0196C7B890005A513 /* JSAttributedStringTableViewCell.m */,
				3DE6BFB1196C7B890005A513 /* JSMapViewTableViewCell.h */,
				3DE6BFB2196C7B890005A513 /* JSMapViewTableViewCell.m */,
				3DE6BFB3196C7B890005A513 /* JSSpacingTableViewCell.h */,
				3DE6BFB4196C7B890005A513 /* JSSpacingTableViewCell.m */,
				3DE6BFB5196C7B890005A513 /* JSStringTableViewCell.h */,
				3DE6BFB6196C7B890005A513 /* JSStringTableViewCell.m */,
				3DE6BFB7196C7B890005A513 /* JSTableViewCell.h */,
				3DE6BFB8196C7B890005A513 /* JSTableViewCell.m */,
				3DE6BFB9196C7B890005A513 /* JSTextFieldTableViewCell.h */,
				3DE6BFBA196C7B890005A513 /* JSTextFieldTableViewCell.m */,
				3DE6BFBB196C7B890005A513 /* JSTextViewTableViewCell.h */,
				3DE6BFBC196C7B890005A513 /* JSTextViewTableViewCell.m */,
			);
			path = cells;
			sourceTree = "<group>";
		};
		3DE6BFBF196C7B890005A513 /* misc */ = {
			isa = PBXGroup;
			children = (
				3D2C728E1971A0E800551630 /* JS__NotificationObserverContainer.h */,
				3D2C728F1971A0E800551630 /* JS__NotificationObserverContainer.m */,
				3DE6BFC2196C7B890005A513 /* JSTableViewRowModel.h */,
				3DE6BFC3196C7B890005A513 /* JSTableViewRowModel.m */,
				3DE6BFC4196C7B890005A513 /* JSTableViewSectionModel.h */,
				3DE6BFC5196C7B890005A513 /* JSTableViewSectionModel.m */,
			);
			path = misc;
			sourceTree = "<group>";
		};
		3DE6BFC7196C7B890005A513 /* views */ = {
			isa = PBXGroup;
			children = (
				3DE6BFC8196C7B890005A513 /* JSActionSheetController.h */,
				3DE6BFC9196C7B890005A513 /* JSActionSheetController.m */,
				3DE6BFCA196C7B890005A513 /* JSAlertView.h */,
				3DE6BFCB196C7B890005A513 /* JSAlertView.m */,
				3DE6BFCC196C7B890005A513 /* JSImageView.h */,
				3DE6BFCD196C7B890005A513 /* JSImageView.m */,
				3DE6BFCE196C7B890005A513 /* JSInsetImageView.h */,
				3DE6BFCF196C7B890005A513 /* JSInsetImageView.m */,
				3DE6BFD0196C7B890005A513 /* JSPageControl.h */,
				3DE6BFD1196C7B890005A513 /* JSPageControl.m */,
				3DE6BFD2196C7B890005A513 /* JSScrollView.h */,
				3DE6BFD3196C7B890005A513 /* JSScrollView.m */,
				3DE6BFD4196C7B890005A513 /* JSSegmentedControl.h */,
				3DE6BFD5196C7B890005A513 /* JSSegmentedControl.m */,
				3DE6BFD6196C7B890005A513 /* JSTableViewController.h */,
				3DE6BFD7196C7B890005A513 /* JSTableViewController.m */,
				3DE6BFD8196C7B890005A513 /* JSTextField.h */,
				3DE6BFD9196C7B890005A513 /* JSTextField.m */,
				3DE6BFDA196C7B890005A513 /* JSTextView.h */,
				3DE6BFDB196C7B890005A513 /* JSTextView.m */,
				3DE6BFDC196C7B890005A513 /* JSViewController.h */,
				3DE6BFDD196C7B890005A513 /* JSViewController.m */,
			);
			path = views;
			sourceTree = "<group>";
		};
		3DE6C012196C84390005A513 /* tonwolke Tests */ = {
			isa = PBXGroup;
			children = (
				3DE6C013196C84390005A513 /* Supporting Files */,
				3DE6C020196C846F0005A513 /* AuthTokenParser_Tests.m */,
				3DE6C25E196CA50F0005A513 /* Keychain_Tests.m */,
				3D2C728C19719F3200551630 /* Track_Tests.m */,
			);
			path = "tonwolke Tests";
			sourceTree = "<group>";
		};
		3DE6C013196C84390005A513 /* Supporting Files */ = {
			isa = PBXGroup;
			children = (
				3DE6C014196C84390005A513 /* tonwolke Tests-Info.plist */,
				3DE6C015196C84390005A513 /* InfoPlist.strings */,
				3DE6C01A196C84390005A513 /* tonwolke Tests-Prefix.pch */,
			);
			name = "Supporting Files";
			sourceTree = "<group>";
		};
/* End PBXGroup section */

/* Begin PBXNativeTarget section */
		3DE6BF39196C6C900005A513 /* tonwolke */ = {
			isa = PBXNativeTarget;
			buildConfigurationList = 3DE6BF66196C6C900005A513 /* Build configuration list for PBXNativeTarget "tonwolke" */;
			buildPhases = (
				3DE6BF36196C6C900005A513 /* Sources */,
				3DE6BF37196C6C900005A513 /* Frameworks */,
				3DE6BF38196C6C900005A513 /* Resources */,
			);
			buildRules = (
			);
			dependencies = (
			);
			name = tonwolke;
			productName = tonwolke;
			productReference = 3DE6BF3A196C6C900005A513 /* tonwolke.app */;
			productType = "com.apple.product-type.application";
		};
		3DE6C00D196C84390005A513 /* tonwolke Tests */ = {
			isa = PBXNativeTarget;
			buildConfigurationList = 3DE6C01D196C84390005A513 /* Build configuration list for PBXNativeTarget "tonwolke Tests" */;
			buildPhases = (
				3DE6C00A196C84390005A513 /* Sources */,
				3DE6C00B196C84390005A513 /* Frameworks */,
				3DE6C00C196C84390005A513 /* Resources */,
			);
			buildRules = (
			);
			dependencies = (
				3DE6C01C196C84390005A513 /* PBXTargetDependency */,
			);
			name = "tonwolke Tests";
			productName = "tonwolke Tests";
			productReference = 3DE6C00E196C84390005A513 /* tonwolke Tests.xctest */;
			productType = "com.apple.product-type.bundle.unit-test";
		};
/* End PBXNativeTarget section */

/* Begin PBXProject section */
		3DE6BF32196C6C900005A513 /* Project object */ = {
			isa = PBXProject;
			attributes = {
				LastUpgradeCheck = 0510;
				ORGANIZATIONNAME = "Jan Sichermann";
				TargetAttributes = {
					3DE6C00D196C84390005A513 = {
						TestTargetID = 3DE6BF39196C6C900005A513;
					};
				};
			};
			buildConfigurationList = 3DE6BF35196C6C900005A513 /* Build configuration list for PBXProject "tonwolke" */;
			compatibilityVersion = "Xcode 3.2";
			developmentRegion = English;
			hasScannedForEncodings = 0;
			knownRegions = (
				en,
			);
			mainGroup = 3DE6BF31196C6C900005A513;
			productRefGroup = 3DE6BF3B196C6C900005A513 /* Products */;
			projectDirPath = "";
			projectRoot = "";
			targets = (
				3DE6BF39196C6C900005A513 /* tonwolke */,
				3DE6C00D196C84390005A513 /* tonwolke Tests */,
			);
		};
/* End PBXProject section */

/* Begin PBXResourcesBuildPhase section */
		3DE6BF38196C6C900005A513 /* Resources */ = {
			isa = PBXResourcesBuildPhase;
			buildActionMask = 2147483647;
			files = (
				3DE6BFFD196C7B890005A513 /* README in Resources */,
				3DE6BF76196C78130005A513 /* InfoPlist.strings in Resources */,
				3DE6BFDE196C7B890005A513 /* .gitignore in Resources */,
				3D2C728819719BF800551630 /* readme.md in Resources */,
				3DE6BF77196C78130005A513 /* Images.xcassets in Resources */,
			);
			runOnlyForDeploymentPostprocessing = 0;
		};
		3DE6C00C196C84390005A513 /* Resources */ = {
			isa = PBXResourcesBuildPhase;
			buildActionMask = 2147483647;
			files = (
				3DE6C017196C84390005A513 /* InfoPlist.strings in Resources */,
			);
			runOnlyForDeploymentPostprocessing = 0;
		};
/* End PBXResourcesBuildPhase section */

/* Begin PBXSourcesBuildPhase section */
		3DE6BF36196C6C900005A513 /* Sources */ = {
			isa = PBXSourcesBuildPhase;
			buildActionMask = 2147483647;
			files = (
				3DE6BFEC196C7B890005A513 /* UIControl+JS.m in Sources */,
				3DE6C262196CA6C40005A513 /* KeychainManager+TW.m in Sources */,
				3DE6C004196C7B890005A513 /* JSSegmentedControl.m in Sources */,
				3D2C728B19719C9100551630 /* Track.m in Sources */,
				3DE6BFF3196C7B890005A513 /* JSAttributedStringTableViewCell.m in Sources */,
				3DE6BFEF196C7B890005A513 /* UILabel+JS.m in Sources */,
				3D2C72991971AFB600551630 /* UIColor+TWSC.m in Sources */,
				3D7F5571196D90D700CF4A4A /* TWSCApi.m in Sources */,
				3D2C72931971AAC000551630 /* TrackTableViewCell.m in Sources */,
				3DE6BFF1196C7B890005A513 /* UISplitViewController+JS.m in Sources */,
				3DE6C024196C84B60005A513 /* AuthTokenParser.m in Sources */,
				3DE6BF7A196C78130005A513 /* main.m in Sources */,
				3DE6BFE3196C7B890005A513 /* NSData+JS.m in Sources */,
				3D2C72901971A0E800551630 /* JS__NotificationObserverContainer.m in Sources */,
				3DE6BFE2196C7B890005A513 /* NSAttributedString+JS.m in Sources */,
				3DE6C006196C7B890005A513 /* JSTextField.m in Sources */,
				3DE6C002196C7B890005A513 /* JSPageControl.m in Sources */,
				3DE6C25D196CA3980005A513 /* KeychainManager.m in Sources */,
				3D2C728719719BF800551630 /* JJSObject.m in Sources */,
				3DE6BF79196C78130005A513 /* AppDelegate.m in Sources */,
				3DE6BFE9196C7B890005A513 /* NSString+JS.m in Sources */,
				3DE6BFDF196C7B890005A513 /* JSButton.m in Sources */,
				3DE6BFF9196C7B890005A513 /* JSTextViewTableViewCell.m in Sources */,
				3DE6BFF4196C7B890005A513 /* JSMapViewTableViewCell.m in Sources */,
				3DE6BFF0196C7B890005A513 /* UIScrollView+JS.m in Sources */,
				3DE6BFF6196C7B890005A513 /* JSStringTableViewCell.m in Sources */,
				3DE6C008196C7B890005A513 /* JSViewController.m in Sources */,
				3DE6BFF8196C7B890005A513 /* JSTextFieldTableViewCell.m in Sources */,
				3DE6BFE8196C7B890005A513 /* NSSet+JS.m in Sources */,
				3DE6C001196C7B890005A513 /* JSInsetImageView.m in Sources */,
				3DE6C007196C7B890005A513 /* JSTextView.m in Sources */,
				3DE6BFEA196C7B890005A513 /* UIBarButtonItem+JSButton.m in Sources */,
				3DE6BFEE196C7B890005A513 /* UIImage+JS.m in Sources */,
				3DE6C000196C7B890005A513 /* JSImageView.m in Sources */,
				3DE6BFF7196C7B890005A513 /* JSTableViewCell.m in Sources */,
				3DE6BFE1196C7B890005A513 /* NSArray+JS.m in Sources */,
				3DE6C003196C7B890005A513 /* JSScrollView.m in Sources */,
				3DE6BFE7196C7B890005A513 /* NSOrderedSet+JS.m in Sources */,
				3DE6BFE6196C7B890005A513 /* NSObject+JS.m in Sources */,
				3DE6BF80196C7A960005A513 /* WelcomeViewController.m in Sources */,
				3DE6BFEB196C7B890005A513 /* UIColor+JS.m in Sources */,
				3DE6BFFB196C7B890005A513 /* JSTableViewRowModel.m in Sources */,
				3DE6BFFF196C7B890005A513 /* JSAlertView.m in Sources */,
				3DE6BFF2196C7B890005A513 /* UIView+JS.m in Sources */,
				3DE6BFED196C7B890005A513 /* UIImage+ImageEffects.m in Sources */,
				3DE6BFFC196C7B890005A513 /* JSTableViewSectionModel.m in Sources */,
				3D91C483196CAF1200EDE2C3 /* StreamTableViewController.m in Sources */,
				3DE6BFE5196C7B890005A513 /* NSDictionary+JS.m in Sources */,
				3DE6C005196C7B890005A513 /* JSTableViewController.m in Sources */,
				3DE6BFE4196C7B890005A513 /* NSDate+JS.m in Sources */,
				3D2C72961971AF5000551630 /* UIFont+TWSC.m in Sources */,
				3DE6BFF5196C7B890005A513 /* JSSpacingTableViewCell.m in Sources */,
				3DE6BFFE196C7B890005A513 /* JSActionSheetController.m in Sources */,
				3DE6BFE0196C7B890005A513 /* JSViewController+JSNavigationItems.m in Sources */,
			);
			runOnlyForDeploymentPostprocessing = 0;
		};
		3DE6C00A196C84390005A513 /* Sources */ = {
			isa = PBXSourcesBuildPhase;
			buildActionMask = 2147483647;
			files = (
				3DE6C021196C846F0005A513 /* AuthTokenParser_Tests.m in Sources */,
				3D2C728D19719F3200551630 /* Track_Tests.m in Sources */,
				3DE6C25F196CA50F0005A513 /* Keychain_Tests.m in Sources */,
			);
			runOnlyForDeploymentPostprocessing = 0;
		};
/* End PBXSourcesBuildPhase section */

/* Begin PBXTargetDependency section */
		3DE6C01C196C84390005A513 /* PBXTargetDependency */ = {
			isa = PBXTargetDependency;
			target = 3DE6BF39196C6C900005A513 /* tonwolke */;
			targetProxy = 3DE6C01B196C84390005A513 /* PBXContainerItemProxy */;
		};
/* End PBXTargetDependency section */

/* Begin PBXVariantGroup section */
		3DE6BF6D196C78130005A513 /* InfoPlist.strings */ = {
			isa = PBXVariantGroup;
			children = (
				3DE6BF6E196C78130005A513 /* en */,
			);
			name = InfoPlist.strings;
			sourceTree = "<group>";
		};
		3DE6C015196C84390005A513 /* InfoPlist.strings */ = {
			isa = PBXVariantGroup;
			children = (
				3DE6C016196C84390005A513 /* en */,
			);
			name = InfoPlist.strings;
			sourceTree = "<group>";
		};
/* End PBXVariantGroup section */

/* Begin XCBuildConfiguration section */
		3DE6BF64196C6C900005A513 /* Debug */ = {
			isa = XCBuildConfiguration;
			buildSettings = {
				ALWAYS_SEARCH_USER_PATHS = NO;
				CLANG_CXX_LANGUAGE_STANDARD = "gnu++0x";
				CLANG_CXX_LIBRARY = "libc++";
				CLANG_ENABLE_MODULES = YES;
				CLANG_ENABLE_OBJC_ARC = YES;
				CLANG_WARN_BOOL_CONVERSION = YES;
				CLANG_WARN_CONSTANT_CONVERSION = YES;
				CLANG_WARN_DIRECT_OBJC_ISA_USAGE = YES_ERROR;
				CLANG_WARN_EMPTY_BODY = YES;
				CLANG_WARN_ENUM_CONVERSION = YES;
				CLANG_WARN_INT_CONVERSION = YES;
				CLANG_WARN_OBJC_ROOT_CLASS = YES_ERROR;
				CLANG_WARN__DUPLICATE_METHOD_MATCH = YES;
				"CODE_SIGN_IDENTITY[sdk=iphoneos*]" = "iPhone Developer";
				COPY_PHASE_STRIP = NO;
				GCC_C_LANGUAGE_STANDARD = gnu99;
				GCC_DYNAMIC_NO_PIC = NO;
				GCC_OPTIMIZATION_LEVEL = 0;
				GCC_PREPROCESSOR_DEFINITIONS = (
					"DEBUG=1",
					"$(inherited)",
				);
				GCC_SYMBOLS_PRIVATE_EXTERN = NO;
				GCC_WARN_64_TO_32_BIT_CONVERSION = YES;
				GCC_WARN_ABOUT_RETURN_TYPE = YES_ERROR;
				GCC_WARN_UNDECLARED_SELECTOR = YES;
				GCC_WARN_UNINITIALIZED_AUTOS = YES_AGGRESSIVE;
				GCC_WARN_UNUSED_FUNCTION = YES;
				GCC_WARN_UNUSED_VARIABLE = YES;
				IPHONEOS_DEPLOYMENT_TARGET = 7.1;
				ONLY_ACTIVE_ARCH = YES;
				SDKROOT = iphoneos;
			};
			name = Debug;
		};
		3DE6BF65196C6C900005A513 /* Release */ = {
			isa = XCBuildConfiguration;
			buildSettings = {
				ALWAYS_SEARCH_USER_PATHS = NO;
				CLANG_CXX_LANGUAGE_STANDARD = "gnu++0x";
				CLANG_CXX_LIBRARY = "libc++";
				CLANG_ENABLE_MODULES = YES;
				CLANG_ENABLE_OBJC_ARC = YES;
				CLANG_WARN_BOOL_CONVERSION = YES;
				CLANG_WARN_CONSTANT_CONVERSION = YES;
				CLANG_WARN_DIRECT_OBJC_ISA_USAGE = YES_ERROR;
				CLANG_WARN_EMPTY_BODY = YES;
				CLANG_WARN_ENUM_CONVERSION = YES;
				CLANG_WARN_INT_CONVERSION = YES;
				CLANG_WARN_OBJC_ROOT_CLASS = YES_ERROR;
				CLANG_WARN__DUPLICATE_METHOD_MATCH = YES;
				"CODE_SIGN_IDENTITY[sdk=iphoneos*]" = "iPhone Developer";
				COPY_PHASE_STRIP = YES;
				ENABLE_NS_ASSERTIONS = NO;
				GCC_C_LANGUAGE_STANDARD = gnu99;
				GCC_WARN_64_TO_32_BIT_CONVERSION = YES;
				GCC_WARN_ABOUT_RETURN_TYPE = YES_ERROR;
				GCC_WARN_UNDECLARED_SELECTOR = YES;
				GCC_WARN_UNINITIALIZED_AUTOS = YES_AGGRESSIVE;
				GCC_WARN_UNUSED_FUNCTION = YES;
				GCC_WARN_UNUSED_VARIABLE = YES;
				IPHONEOS_DEPLOYMENT_TARGET = 7.1;
				SDKROOT = iphoneos;
				VALIDATE_PRODUCT = YES;
			};
			name = Release;
		};
		3DE6BF67196C6C900005A513 /* Debug */ = {
			isa = XCBuildConfiguration;
			buildSettings = {
				ASSETCATALOG_COMPILER_APPICON_NAME = AppIcon;
				ASSETCATALOG_COMPILER_LAUNCHIMAGE_NAME = LaunchImage;
				GCC_PRECOMPILE_PREFIX_HEADER = YES;
				GCC_PREFIX_HEADER = "tonwolke/src/tonwolke-Prefix.pch";
				INFOPLIST_FILE = "tonwolke/resources/tonwolke-Info.plist";
				PRODUCT_NAME = "$(TARGET_NAME)";
				WRAPPER_EXTENSION = app;
			};
			name = Debug;
		};
		3DE6BF68196C6C900005A513 /* Release */ = {
			isa = XCBuildConfiguration;
			buildSettings = {
				ASSETCATALOG_COMPILER_APPICON_NAME = AppIcon;
				ASSETCATALOG_COMPILER_LAUNCHIMAGE_NAME = LaunchImage;
				GCC_PRECOMPILE_PREFIX_HEADER = YES;
				GCC_PREFIX_HEADER = "tonwolke/src/tonwolke-Prefix.pch";
				INFOPLIST_FILE = "tonwolke/resources/tonwolke-Info.plist";
				PRODUCT_NAME = "$(TARGET_NAME)";
				WRAPPER_EXTENSION = app;
			};
			name = Release;
		};
		3DE6C01E196C84390005A513 /* Debug */ = {
			isa = XCBuildConfiguration;
			buildSettings = {
				BUNDLE_LOADER = "$(BUILT_PRODUCTS_DIR)/tonwolke.app/tonwolke";
				CLANG_WARN_CXX0X_EXTENSIONS = YES;
				CLANG_WARN_DEPRECATED_OBJC_IMPLEMENTATIONS = YES;
				CLANG_WARN_DOCUMENTATION_COMMENTS = YES;
				CLANG_WARN_IMPLICIT_SIGN_CONVERSION = YES;
				CLANG_WARN_OBJC_EXPLICIT_OWNERSHIP_TYPE = YES;
				CLANG_WARN_OBJC_IMPLICIT_ATOMIC_PROPERTIES = YES;
				CLANG_WARN_OBJC_IMPLICIT_RETAIN_SELF = YES;
				CLANG_WARN_OBJC_MISSING_PROPERTY_SYNTHESIS = YES;
				CLANG_WARN_OBJC_RECEIVER_WEAK = YES;
				CLANG_WARN_OBJC_REPEATED_USE_OF_WEAK = YES;
				CLANG_WARN__EXIT_TIME_DESTRUCTORS = YES;
				FRAMEWORK_SEARCH_PATHS = (
					"$(SDKROOT)/Developer/Library/Frameworks",
					"$(inherited)",
					"$(DEVELOPER_FRAMEWORKS_DIR)",
				);
				GCC_PRECOMPILE_PREFIX_HEADER = YES;
				GCC_PREFIX_HEADER = "tonwolke Tests/tonwolke Tests-Prefix.pch";
				GCC_PREPROCESSOR_DEFINITIONS = (
					"DEBUG=1",
					"$(inherited)",
				);
				GCC_WARN_FOUR_CHARACTER_CONSTANTS = YES;
				GCC_WARN_HIDDEN_VIRTUAL_FUNCTIONS = YES;
				GCC_WARN_INITIALIZER_NOT_FULLY_BRACKETED = YES;
				GCC_WARN_MULTIPLE_DEFINITION_TYPES_FOR_SELECTOR = YES;
				GCC_WARN_NON_VIRTUAL_DESTRUCTOR = YES;
				GCC_WARN_SHADOW = YES;
				GCC_WARN_STRICT_SELECTOR_MATCH = YES;
				GCC_WARN_UNKNOWN_PRAGMAS = YES;
				GCC_WARN_UNUSED_LABEL = YES;
				GCC_WARN_UNUSED_PARAMETER = YES;
				INFOPLIST_FILE = "tonwolke Tests/tonwolke Tests-Info.plist";
				PRODUCT_NAME = "$(TARGET_NAME)";
				TEST_HOST = "$(BUNDLE_LOADER)";
				WRAPPER_EXTENSION = xctest;
			};
			name = Debug;
		};
		3DE6C01F196C84390005A513 /* Release */ = {
			isa = XCBuildConfiguration;
			buildSettings = {
				BUNDLE_LOADER = "$(BUILT_PRODUCTS_DIR)/tonwolke.app/tonwolke";
				CLANG_WARN_CXX0X_EXTENSIONS = YES;
				CLANG_WARN_DEPRECATED_OBJC_IMPLEMENTATIONS = YES;
				CLANG_WARN_DOCUMENTATION_COMMENTS = YES;
				CLANG_WARN_IMPLICIT_SIGN_CONVERSION = YES;
				CLANG_WARN_OBJC_EXPLICIT_OWNERSHIP_TYPE = YES;
				CLANG_WARN_OBJC_IMPLICIT_ATOMIC_PROPERTIES = YES;
				CLANG_WARN_OBJC_IMPLICIT_RETAIN_SELF = YES;
				CLANG_WARN_OBJC_MISSING_PROPERTY_SYNTHESIS = YES;
				CLANG_WARN_OBJC_RECEIVER_WEAK = YES;
				CLANG_WARN_OBJC_REPEATED_USE_OF_WEAK = YES;
				CLANG_WARN__EXIT_TIME_DESTRUCTORS = YES;
				FRAMEWORK_SEARCH_PATHS = (
					"$(SDKROOT)/Developer/Library/Frameworks",
					"$(inherited)",
					"$(DEVELOPER_FRAMEWORKS_DIR)",
				);
				GCC_PRECOMPILE_PREFIX_HEADER = YES;
				GCC_PREFIX_HEADER = "tonwolke Tests/tonwolke Tests-Prefix.pch";
				GCC_WARN_FOUR_CHARACTER_CONSTANTS = YES;
				GCC_WARN_HIDDEN_VIRTUAL_FUNCTIONS = YES;
				GCC_WARN_INITIALIZER_NOT_FULLY_BRACKETED = YES;
				GCC_WARN_MULTIPLE_DEFINITION_TYPES_FOR_SELECTOR = YES;
				GCC_WARN_NON_VIRTUAL_DESTRUCTOR = YES;
				GCC_WARN_SHADOW = YES;
				GCC_WARN_STRICT_SELECTOR_MATCH = YES;
				GCC_WARN_UNKNOWN_PRAGMAS = YES;
				GCC_WARN_UNUSED_LABEL = YES;
				GCC_WARN_UNUSED_PARAMETER = YES;
				INFOPLIST_FILE = "tonwolke Tests/tonwolke Tests-Info.plist";
				PRODUCT_NAME = "$(TARGET_NAME)";
				TEST_HOST = "$(BUNDLE_LOADER)";
				WRAPPER_EXTENSION = xctest;
			};
			name = Release;
		};
/* End XCBuildConfiguration section */

/* Begin XCConfigurationList section */
		3DE6BF35196C6C900005A513 /* Build configuration list for PBXProject "tonwolke" */ = {
			isa = XCConfigurationList;
			buildConfigurations = (
				3DE6BF64196C6C900005A513 /* Debug */,
				3DE6BF65196C6C900005A513 /* Release */,
			);
			defaultConfigurationIsVisible = 0;
			defaultConfigurationName = Release;
		};
		3DE6BF66196C6C900005A513 /* Build configuration list for PBXNativeTarget "tonwolke" */ = {
			isa = XCConfigurationList;
			buildConfigurations = (
				3DE6BF67196C6C900005A513 /* Debug */,
				3DE6BF68196C6C900005A513 /* Release */,
			);
			defaultConfigurationIsVisible = 0;
			defaultConfigurationName = Release;
		};
		3DE6C01D196C84390005A513 /* Build configuration list for PBXNativeTarget "tonwolke Tests" */ = {
			isa = XCConfigurationList;
			buildConfigurations = (
				3DE6C01E196C84390005A513 /* Debug */,
				3DE6C01F196C84390005A513 /* Release */,
			);
			defaultConfigurationIsVisible = 0;
			defaultConfigurationName = Release;
		};
/* End XCConfigurationList section */
	};
	rootObject = 3DE6BF32196C6C900005A513 /* Project object */;
}
